
Microsoft Visual Studio Solution File, Format Version 12.00
# Visual Studio Version 16
VisualStudioVersion = 16.0.29201.188
MinimumVisualStudioVersion = 10.0.40219.1
Project("{9A19103F-16F7-4668-BE54-9A1E7A4F7556}") = "hello-world-gRPC", "hello-world-gRPC\hello-world-gRPC.csproj", "{F791DA7C-8C58-4799-85E0-42D14BEB6412}"
EndProject
Project("{FAE04EC0-301F-11D3-BF4B-00C04F79EFBC}") = "Tests", "Tests\Tests.csproj", "{DA6D744E-3A68-42E8-98B6-B7B521DF8A6B}"
EndProject
Global
	GlobalSection(SolutionConfigurationPlatforms) = preSolution
		Debug|Any CPU = Debug|Any CPU
		Release|Any CPU = Release|Any CPU
	EndGlobalSection
	GlobalSection(ProjectConfigurationPlatforms) = postSolution
		{F791DA7C-8C58-4799-85E0-42D14BEB6412}.Debug|Any CPU.ActiveCfg = Debug|Any CPU
		{F791DA7C-8C58-4799-85E0-42D14BEB6412}.Debug|Any CPU.Build.0 = Debug|Any CPU
		{F791DA7C-8C58-4799-85E0-42D14BEB6412}.Release|Any CPU.ActiveCfg = Release|Any CPU
		{F791DA7C-8C58-4799-85E0-42D14BEB6412}.Release|Any CPU.Build.0 = Release|Any CPU
		{DA6D744E-3A68-42E8-98B6-B7B521DF8A6B}.Debug|Any CPU.ActiveCfg = Debug|Any CPU
		{DA6D744E-3A68-42E8-98B6-B7B521DF8A6B}.Debug|Any CPU.Build.0 = Debug|Any CPU
		{DA6D744E-3A68-42E8-98B6-B7B521DF8A6B}.Release|Any CPU.ActiveCfg = Release|Any CPU
		{DA6D744E-3A68-42E8-98B6-B7B521DF8A6B}.Release|Any CPU.Build.0 = Release|Any CPU
	EndGlobalSection
	GlobalSection(SolutionProperties) = preSolution
		HideSolutionNode = FALSE
	EndGlobalSection
	GlobalSection(ExtensibilityGlobals) = postSolution
		SolutionGuid = {253E9B7C-5D7F-4419-AF6A-3F27D17CC7D9}
	EndGlobalSection
EndGlobal
