
Microsoft Visual Studio Solution File, Format Version 12.00
# Visual Studio Version 16
VisualStudioVersion = 16.0.29201.188
MinimumVisualStudioVersion = 10.0.40219.1
Project("{FAE04EC0-301F-11D3-BF4B-00C04F79EFBC}") = "SocketTesting", "SocketTesting\SocketTesting.csproj", "{D546A408-B0DB-436F-8014-92EED67A7F1A}"
EndProject
Global
	GlobalSection(SolutionConfigurationPlatforms) = preSolution
		Debug|Any CPU = Debug|Any CPU
		Release|Any CPU = Release|Any CPU
	EndGlobalSection
	GlobalSection(ProjectConfigurationPlatforms) = postSolution
		{D546A408-B0DB-436F-8014-92EED67A7F1A}.Debug|Any CPU.ActiveCfg = Debug|Any CPU
		{D546A408-B0DB-436F-8014-92EED67A7F1A}.Debug|Any CPU.Build.0 = Debug|Any CPU
		{D546A408-B0DB-436F-8014-92EED67A7F1A}.Release|Any CPU.ActiveCfg = Release|Any CPU
		{D546A408-B0DB-436F-8014-92EED67A7F1A}.Release|Any CPU.Build.0 = Release|Any CPU
	EndGlobalSection
	GlobalSection(SolutionProperties) = preSolution
		HideSolutionNode = FALSE
	EndGlobalSection
	GlobalSection(ExtensibilityGlobals) = postSolution
		SolutionGuid = {9D29AEF8-AE65-4E60-9E35-B6317FEC06CA}
	EndGlobalSection
EndGlobal
